{
  "name": "interactive-3D-Map-via-OSM",
  "lockfileVersion": 3,
  "requires": true,
  "packages": {
    "": {
      "dependencies": {
        "dijkstra-calculator": "^1.0.8"
      }
    },
    "node_modules/dijkstra-calculator": {
      "version": "1.0.8",
      "resolved": "https://registry.npmjs.org/dijkstra-calculator/-/dijkstra-calculator-1.0.8.tgz",
      "integrity": "sha512-Szu3sB985R4bWsWK11Ce6phG1m6iNA64/Ce6jS8rn1RXGCiV8D9qfXCWpxWSU3VcNo7m0up7vzXrHUz8LEy/pg==",
      "engines": {
        "node": ">=10"
      }
    }
  }
}
